
Microsoft Visual Studio Solution File, Format Version 13.00
# Visual Studio Express 2013 for Windows Desktop
Project("{8BC9CEB8-8B4A-11D0-8D11-00A0C91BC942}") = "sphere", "sphere.vcxproj", "{C45AC33E-3C9C-4BB7-B6F1-656FDDED4BF5}"
EndProject
Global
	GlobalSection(SolutionConfigurationPlatforms) = preSolution
		Debug|Win32 = Debug|Win32
		PreRelease|Win32 = PreRelease|Win32
		Release|Win32 = Release|Win32
	EndGlobalSection
	GlobalSection(ProjectConfigurationPlatforms) = postSolution
		{C45AC33E-3C9C-4BB7-B6F1-656FDDED4BF5}.Debug|Win32.ActiveCfg = Debug|Win32
		{C45AC33E-3C9C-4BB7-B6F1-656FDDED4BF5}.Debug|Win32.Build.0 = Debug|Win32
		{C45AC33E-3C9C-4BB7-B6F1-656FDDED4BF5}.PreRelease|Win32.ActiveCfg = PreRelease|Win32
		{C45AC33E-3C9C-4BB7-B6F1-656FDDED4BF5}.PreRelease|Win32.Build.0 = PreRelease|Win32
		{C45AC33E-3C9C-4BB7-B6F1-656FDDED4BF5}.Release|Win32.ActiveCfg = Release|Win32
		{C45AC33E-3C9C-4BB7-B6F1-656FDDED4BF5}.Release|Win32.Build.0 = Release|Win32
	EndGlobalSection
	GlobalSection(SolutionProperties) = preSolution
		HideSolutionNode = FALSE
	EndGlobalSection
EndGlobal
